// !$*UTF8*$!
{
	archiveVersion = 1;
	classes = {
	};
	objectVersion = 71;
	objects = {

/* Begin PBXBuildFile section */
		A1B2C3D4E5F6000000000001 /* Assets.xcassets in Resources */ = {isa = PBXBuildFile; fileRef = A1B2C3D4E5F6000000000002 /* Assets.xcassets */; };
		BA0000000000000000000001 /* SpotlightApp.swift in Sources */ = {isa = PBXBuildFile; fileRef = FA0000000000000000000002 /* SpotlightApp.swift */; };
		BA0000000000000000000002 /* AppContainer.swift in Sources */ = {isa = PBXBuildFile; fileRef = FA0000000000000000000003 /* AppContainer.swift */; };
		BA0000000000000000000003 /* CardCandidate.swift in Sources */ = {isa = PBXBuildFile; fileRef = FA0000000000000000000004 /* CardCandidate.swift */; };
		BA0000000000000000000004 /* ScanModels.swift in Sources */ = {isa = PBXBuildFile; fileRef = FA0000000000000000000005 /* ScanModels.swift */; };
		BA0000000000000000000005 /* CameraSessionController.swift in Sources */ = {isa = PBXBuildFile; fileRef = FA0000000000000000000006 /* CameraSessionController.swift */; };
		BA0000000000000000000006 /* SlabScanner.swift in Sources */ = {isa = PBXBuildFile; fileRef = FA0000000000000000000007 /* SlabScanner.swift */; };
		BA0000000000000000000007 /* CardMatchingService.swift in Sources */ = {isa = PBXBuildFile; fileRef = FA0000000000000000000008 /* CardMatchingService.swift */; };
		BA0000000000000000000008 /* ScanEventStore.swift in Sources */ = {isa = PBXBuildFile; fileRef = FA0000000000000000000009 /* ScanEventStore.swift */; };
		BA0000000000000000000009 /* ScannerViewModel.swift in Sources */ = {isa = PBXBuildFile; fileRef = FA000000000000000000000A /* ScannerViewModel.swift */; };
		BA000000000000000000000A /* ScannerRootView.swift in Sources */ = {isa = PBXBuildFile; fileRef = FA000000000000000000000B /* ScannerRootView.swift */; };
		BA000000000000000000000B /* ScannerView.swift in Sources */ = {isa = PBXBuildFile; fileRef = FA000000000000000000000C /* ScannerView.swift */; };
		BA000000000000000000000C /* PortfolioView.swift in Sources */ = {isa = PBXBuildFile; fileRef = FA0000000000000000000020 /* PortfolioView.swift */; };
		BA000000000000000000000D /* AlternateMatchesView.swift in Sources */ = {isa = PBXBuildFile; fileRef = FA000000000000000000000E /* AlternateMatchesView.swift */; };
		BA000000000000000000000E /* CameraPreviewView.swift in Sources */ = {isa = PBXBuildFile; fileRef = FA000000000000000000000F /* CameraPreviewView.swift */; };
		BA000000000000000000000F /* ScannerAPIModels.swift in Sources */ = {isa = PBXBuildFile; fileRef = FA0000000000000000000011 /* ScannerAPIModels.swift */; };
		BA0000000000000000000010 /* ScanTrayLogic.swift in Sources */ = {isa = PBXBuildFile; fileRef = FA0000000000000000000012 /* ScanTrayLogic.swift */; };
		BA0000000000000000000011 /* SlabLabelParsing.swift in Sources */ = {isa = PBXBuildFile; fileRef = FA0000000000000000000018 /* SlabLabelParsing.swift */; };
		BA0000000000000000000012 /* ScanResultDetailView.swift in Sources */ = {isa = PBXBuildFile; fileRef = FA0000000000000000000019 /* ScanResultDetailView.swift */; };
		BA0000000000000000000013 /* ShowsView.swift in Sources */ = {isa = PBXBuildFile; fileRef = FA0000000000000000000021 /* ShowsView.swift */; };
		BBC123450000000000000001 /* CardIdentifierParsing.swift in Sources */ = {isa = PBXBuildFile; fileRef = FFC123450000000000000001 /* CardIdentifierParsing.swift */; };
		BBC123450000000000000002 /* ScannerReticleLayout.swift in Sources */ = {isa = PBXBuildFile; fileRef = FFC123450000000000000002 /* ScannerReticleLayout.swift */; };
		BBC123450000000000000003 /* ScanPipelineTypes.swift in Sources */ = {isa = PBXBuildFile; fileRef = FFC123450000000000000003 /* ScanPipelineTypes.swift */; };
		BBC123450000000000000004 /* ScanStageArtifactWriter.swift in Sources */ = {isa = PBXBuildFile; fileRef = FFC123450000000000000004 /* ScanStageArtifactWriter.swift */; };
		BBC123450000000000000005 /* FrameSourceSelection.swift in Sources */ = {isa = PBXBuildFile; fileRef = FFC123450000000000000005 /* FrameSourceSelection.swift */; };
		BBC123450000000000000006 /* PerspectiveNormalization.swift in Sources */ = {isa = PBXBuildFile; fileRef = FFC123450000000000000006 /* PerspectiveNormalization.swift */; };
		BBC123450000000000000007 /* TargetSelection.swift in Sources */ = {isa = PBXBuildFile; fileRef = FFC123450000000000000007 /* TargetSelection.swift */; };
		BBC123450000000000000008 /* ModeSanitySignals.swift in Sources */ = {isa = PBXBuildFile; fileRef = FFC123450000000000000008 /* ModeSanitySignals.swift */; };
		BBC12345000000000000000E /* OCRTuning.swift in Sources */ = {isa = PBXBuildFile; fileRef = FFC12345000000000000000E /* OCRTuning.swift */; };
		BBC123450000000000000009 /* RawSceneTraits.swift in Sources */ = {isa = PBXBuildFile; fileRef = FFC123450000000000000009 /* RawSceneTraits.swift */; };
		BBC12345000000000000000A /* RawROIPlanner.swift in Sources */ = {isa = PBXBuildFile; fileRef = FFC12345000000000000000A /* RawROIPlanner.swift */; };
		BBC12345000000000000000B /* RawOCRPassRunner.swift in Sources */ = {isa = PBXBuildFile; fileRef = FFC12345000000000000000B /* RawOCRPassRunner.swift */; };
		BBC12345000000000000000C /* RawEvidenceSynthesizer.swift in Sources */ = {isa = PBXBuildFile; fileRef = FFC12345000000000000000C /* RawEvidenceSynthesizer.swift */; };
		BBC12345000000000000000D /* RawPipeline.swift in Sources */ = {isa = PBXBuildFile; fileRef = FFC12345000000000000000D /* RawPipeline.swift */; };
		BBC12345000000000000000F /* RawConfidenceModel.swift in Sources */ = {isa = PBXBuildFile; fileRef = FFC12345000000000000000F /* RawConfidenceModel.swift */; };
		C2EE97F53B03E6525C299E46 /* ScanCacheManager.swift in Sources */ = {isa = PBXBuildFile; fileRef = 2876B6D775130E8BD64C6636 /* ScanCacheManager.swift */; };
		C3EE97F53B03E6525C299E46 /* RemoteImagePrefetcher.swift in Sources */ = {isa = PBXBuildFile; fileRef = 3876B6D775130E8BD64C6636 /* RemoteImagePrefetcher.swift */; };
		C40000000000000000000001 /* LootyTheme.swift in Sources */ = {isa = PBXBuildFile; fileRef = FC4000000000000000000001 /* LootyTheme.swift */; };
		C40000000000000000000002 /* LootyComponents.swift in Sources */ = {isa = PBXBuildFile; fileRef = FC4000000000000000000002 /* LootyComponents.swift */; };
		DA0000000000000000000001 /* OCRFixtureExecutionTests.swift in Sources */ = {isa = PBXBuildFile; fileRef = DB0000000000000000000001 /* OCRFixtureExecutionTests.swift */; };
		DA0000000000000000000002 /* OCRRewriteStage1FixtureTests.swift in Sources */ = {isa = PBXBuildFile; fileRef = DB0000000000000000000003 /* OCRRewriteStage1FixtureTests.swift */; };
		DA0000000000000000000003 /* RawOCRRegressionSuiteTests.swift in Sources */ = {isa = PBXBuildFile; fileRef = DB0000000000000000000004 /* RawOCRRegressionSuiteTests.swift */; };
		DA0000000000000000000004 /* ScanReliabilityHeuristicsTests.swift in Sources */ = {isa = PBXBuildFile; fileRef = DB0000000000000000000005 /* ScanReliabilityHeuristicsTests.swift */; };
		DA0000000000000000000005 /* ScanCaptureInputTests.swift in Sources */ = {isa = PBXBuildFile; fileRef = DB0000000000000000000006 /* ScanCaptureInputTests.swift */; };
		DA0000000000000000000006 /* OCRTestSupport.swift in Sources */ = {isa = PBXBuildFile; fileRef = DB0000000000000000000007 /* OCRTestSupport.swift */; };
		DA0000000000000000000007 /* TargetSelectionTests.swift in Sources */ = {isa = PBXBuildFile; fileRef = DB0000000000000000000008 /* TargetSelectionTests.swift */; };
		DA0000000000000000000008 /* PerspectiveNormalizationTests.swift in Sources */ = {isa = PBXBuildFile; fileRef = DB0000000000000000000009 /* PerspectiveNormalizationTests.swift */; };
		DA0000000000000000000009 /* DeckPortfolioTests.swift in Sources */ = {isa = PBXBuildFile; fileRef = DB000000000000000000000A /* DeckPortfolioTests.swift */; };
		DA000000000000000000000A /* ScanArtifactQueueTests.swift in Sources */ = {isa = PBXBuildFile; fileRef = DB000000000000000000000B /* ScanArtifactQueueTests.swift */; };
		DA000000000000000000000B /* ScanTrayAndNavigationTests.swift in Sources */ = {isa = PBXBuildFile; fileRef = DB000000000000000000000C /* ScanTrayAndNavigationTests.swift */; };
		DA000000000000000000000C /* ShowSellStateTests.swift in Sources */ = {isa = PBXBuildFile; fileRef = DB000000000000000000000D /* ShowSellStateTests.swift */; };
		DA000000000000000000000D /* ScanTestSupport.swift in Sources */ = {isa = PBXBuildFile; fileRef = DB000000000000000000000E /* ScanTestSupport.swift */; };
/* End PBXBuildFile section */

/* Begin PBXContainerItemProxy section */
		DC0000000000000000000001 /* PBXContainerItemProxy */ = {
			isa = PBXContainerItemProxy;
			containerPortal = PR0000000000000000000001 /* Project object */;
			proxyType = 1;
			remoteGlobalIDString = TA0000000000000000000001;
			remoteInfo = Spotlight;
		};
/* End PBXContainerItemProxy section */

/* Begin PBXFileReference section */
		2876B6D775130E8BD64C6636 /* ScanCacheManager.swift */ = {isa = PBXFileReference; includeInIndex = 1; lastKnownFileType = sourcecode.swift; path = ScanCacheManager.swift; sourceTree = "<group>"; };
		3876B6D775130E8BD64C6636 /* RemoteImagePrefetcher.swift */ = {isa = PBXFileReference; includeInIndex = 1; lastKnownFileType = sourcecode.swift; path = RemoteImagePrefetcher.swift; sourceTree = "<group>"; };
		A1B2C3D4E5F6000000000002 /* Assets.xcassets */ = {isa = PBXFileReference; lastKnownFileType = folder.assetcatalog; path = Assets.xcassets; sourceTree = "<group>"; };
		DB0000000000000000000001 /* OCRFixtureExecutionTests.swift */ = {isa = PBXFileReference; lastKnownFileType = sourcecode.swift; path = OCRFixtureExecutionTests.swift; sourceTree = "<group>"; };
		DB0000000000000000000002 /* SpotlightTests.xctest */ = {isa = PBXFileReference; explicitFileType = wrapper.cfbundle; includeInIndex = 0; path = SpotlightTests.xctest; sourceTree = BUILT_PRODUCTS_DIR; };
		DB0000000000000000000005 /* ScanReliabilityHeuristicsTests.swift */ = {isa = PBXFileReference; lastKnownFileType = sourcecode.swift; path = ScanReliabilityHeuristicsTests.swift; sourceTree = "<group>"; };
		DB0000000000000000000006 /* ScanCaptureInputTests.swift */ = {isa = PBXFileReference; lastKnownFileType = sourcecode.swift; path = ScanCaptureInputTests.swift; sourceTree = "<group>"; };
		FA0000000000000000000001 /* Spotlight.app */ = {isa = PBXFileReference; explicitFileType = wrapper.application; includeInIndex = 0; path = Spotlight.app; sourceTree = BUILT_PRODUCTS_DIR; };
		FA0000000000000000000002 /* SpotlightApp.swift */ = {isa = PBXFileReference; lastKnownFileType = sourcecode.swift; path = SpotlightApp.swift; sourceTree = "<group>"; };
		FA0000000000000000000003 /* AppContainer.swift */ = {isa = PBXFileReference; lastKnownFileType = sourcecode.swift; path = AppContainer.swift; sourceTree = "<group>"; };
		FA0000000000000000000004 /* CardCandidate.swift */ = {isa = PBXFileReference; lastKnownFileType = sourcecode.swift; path = CardCandidate.swift; sourceTree = "<group>"; };
		FA0000000000000000000005 /* ScanModels.swift */ = {isa = PBXFileReference; lastKnownFileType = sourcecode.swift; path = ScanModels.swift; sourceTree = "<group>"; };
		FA0000000000000000000006 /* CameraSessionController.swift */ = {isa = PBXFileReference; lastKnownFileType = sourcecode.swift; path = CameraSessionController.swift; sourceTree = "<group>"; };
		FA0000000000000000000007 /* SlabScanner.swift */ = {isa = PBXFileReference; lastKnownFileType = sourcecode.swift; path = SlabScanner.swift; sourceTree = "<group>"; };
		FA0000000000000000000008 /* CardMatchingService.swift */ = {isa = PBXFileReference; lastKnownFileType = sourcecode.swift; path = CardMatchingService.swift; sourceTree = "<group>"; };
		FA0000000000000000000009 /* ScanEventStore.swift */ = {isa = PBXFileReference; lastKnownFileType = sourcecode.swift; path = ScanEventStore.swift; sourceTree = "<group>"; };
		FA000000000000000000000A /* ScannerViewModel.swift */ = {isa = PBXFileReference; lastKnownFileType = sourcecode.swift; path = ScannerViewModel.swift; sourceTree = "<group>"; };
		FA000000000000000000000B /* ScannerRootView.swift */ = {isa = PBXFileReference; lastKnownFileType = sourcecode.swift; path = ScannerRootView.swift; sourceTree = "<group>"; };
		FA000000000000000000000C /* ScannerView.swift */ = {isa = PBXFileReference; lastKnownFileType = sourcecode.swift; path = ScannerView.swift; sourceTree = "<group>"; };
		FA0000000000000000000020 /* PortfolioView.swift */ = {isa = PBXFileReference; lastKnownFileType = sourcecode.swift; path = PortfolioView.swift; sourceTree = "<group>"; };
		FA000000000000000000000E /* AlternateMatchesView.swift */ = {isa = PBXFileReference; lastKnownFileType = sourcecode.swift; path = AlternateMatchesView.swift; sourceTree = "<group>"; };
		FA000000000000000000000F /* CameraPreviewView.swift */ = {isa = PBXFileReference; lastKnownFileType = sourcecode.swift; path = CameraPreviewView.swift; sourceTree = "<group>"; };
		FA0000000000000000000010 /* Info.plist */ = {isa = PBXFileReference; lastKnownFileType = text.plist.xml; path = Info.plist; sourceTree = "<group>"; };
		FA0000000000000000000011 /* ScannerAPIModels.swift */ = {isa = PBXFileReference; lastKnownFileType = sourcecode.swift; path = ScannerAPIModels.swift; sourceTree = "<group>"; };
		FA0000000000000000000012 /* ScanTrayLogic.swift */ = {isa = PBXFileReference; lastKnownFileType = sourcecode.swift; path = ScanTrayLogic.swift; sourceTree = "<group>"; };
		FA0000000000000000000013 /* Base.xcconfig */ = {isa = PBXFileReference; lastKnownFileType = text.xcconfig; path = Base.xcconfig; sourceTree = "<group>"; };
		FA0000000000000000000014 /* Debug.xcconfig */ = {isa = PBXFileReference; lastKnownFileType = text.xcconfig; path = Debug.xcconfig; sourceTree = "<group>"; };
		FA0000000000000000000015 /* Staging.xcconfig */ = {isa = PBXFileReference; lastKnownFileType = text.xcconfig; path = Staging.xcconfig; sourceTree = "<group>"; };
		FA0000000000000000000016 /* Release.xcconfig */ = {isa = PBXFileReference; lastKnownFileType = text.xcconfig; path = Release.xcconfig; sourceTree = "<group>"; };
		FA0000000000000000000017 /* LocalOverrides.example.xcconfig */ = {isa = PBXFileReference; lastKnownFileType = text.xcconfig; path = LocalOverrides.example.xcconfig; sourceTree = "<group>"; };
		FA0000000000000000000018 /* SlabLabelParsing.swift */ = {isa = PBXFileReference; lastKnownFileType = sourcecode.swift; path = SlabLabelParsing.swift; sourceTree = "<group>"; };
		FA0000000000000000000019 /* ScanResultDetailView.swift */ = {isa = PBXFileReference; lastKnownFileType = sourcecode.swift; path = ScanResultDetailView.swift; sourceTree = "<group>"; };
		FA0000000000000000000021 /* ShowsView.swift */ = {isa = PBXFileReference; lastKnownFileType = sourcecode.swift; path = ShowsView.swift; sourceTree = "<group>"; };
		FC4000000000000000000001 /* LootyTheme.swift */ = {isa = PBXFileReference; lastKnownFileType = sourcecode.swift; path = LootyTheme.swift; sourceTree = "<group>"; };
		FC4000000000000000000002 /* LootyComponents.swift */ = {isa = PBXFileReference; lastKnownFileType = sourcecode.swift; path = LootyComponents.swift; sourceTree = "<group>"; };
		FFC123450000000000000001 /* CardIdentifierParsing.swift */ = {isa = PBXFileReference; lastKnownFileType = sourcecode.swift; path = CardIdentifierParsing.swift; sourceTree = "<group>"; };
		FFC123450000000000000002 /* ScannerReticleLayout.swift */ = {isa = PBXFileReference; lastKnownFileType = sourcecode.swift; path = ScannerReticleLayout.swift; sourceTree = "<group>"; };
		FFC123450000000000000003 /* ScanPipelineTypes.swift */ = {isa = PBXFileReference; lastKnownFileType = sourcecode.swift; path = ScanPipelineTypes.swift; sourceTree = "<group>"; };
		FFC123450000000000000004 /* ScanStageArtifactWriter.swift */ = {isa = PBXFileReference; lastKnownFileType = sourcecode.swift; path = ScanStageArtifactWriter.swift; sourceTree = "<group>"; };
		FFC123450000000000000005 /* FrameSourceSelection.swift */ = {isa = PBXFileReference; lastKnownFileType = sourcecode.swift; path = FrameSourceSelection.swift; sourceTree = "<group>"; };
		FFC123450000000000000006 /* PerspectiveNormalization.swift */ = {isa = PBXFileReference; lastKnownFileType = sourcecode.swift; path = PerspectiveNormalization.swift; sourceTree = "<group>"; };
		FFC123450000000000000007 /* TargetSelection.swift */ = {isa = PBXFileReference; lastKnownFileType = sourcecode.swift; path = TargetSelection.swift; sourceTree = "<group>"; };
		FFC123450000000000000008 /* ModeSanitySignals.swift */ = {isa = PBXFileReference; lastKnownFileType = sourcecode.swift; path = ModeSanitySignals.swift; sourceTree = "<group>"; };
		FFC12345000000000000000E /* OCRTuning.swift */ = {isa = PBXFileReference; lastKnownFileType = sourcecode.swift; path = OCRTuning.swift; sourceTree = "<group>"; };
		FFC123450000000000000009 /* RawSceneTraits.swift */ = {isa = PBXFileReference; lastKnownFileType = sourcecode.swift; path = RawSceneTraits.swift; sourceTree = "<group>"; };
		FFC12345000000000000000A /* RawROIPlanner.swift */ = {isa = PBXFileReference; lastKnownFileType = sourcecode.swift; path = RawROIPlanner.swift; sourceTree = "<group>"; };
		FFC12345000000000000000B /* RawOCRPassRunner.swift */ = {isa = PBXFileReference; lastKnownFileType = sourcecode.swift; path = RawOCRPassRunner.swift; sourceTree = "<group>"; };
		FFC12345000000000000000C /* RawEvidenceSynthesizer.swift */ = {isa = PBXFileReference; lastKnownFileType = sourcecode.swift; path = RawEvidenceSynthesizer.swift; sourceTree = "<group>"; };
		FFC12345000000000000000D /* RawPipeline.swift */ = {isa = PBXFileReference; lastKnownFileType = sourcecode.swift; path = RawPipeline.swift; sourceTree = "<group>"; };
		FFC12345000000000000000F /* RawConfidenceModel.swift */ = {isa = PBXFileReference; lastKnownFileType = sourcecode.swift; path = RawConfidenceModel.swift; sourceTree = "<group>"; };
		DB0000000000000000000003 /* OCRRewriteStage1FixtureTests.swift */ = {isa = PBXFileReference; lastKnownFileType = sourcecode.swift; path = OCRRewriteStage1FixtureTests.swift; sourceTree = "<group>"; };
		DB0000000000000000000004 /* RawOCRRegressionSuiteTests.swift */ = {isa = PBXFileReference; lastKnownFileType = sourcecode.swift; path = RawOCRRegressionSuiteTests.swift; sourceTree = "<group>"; };
		DB0000000000000000000007 /* OCRTestSupport.swift */ = {isa = PBXFileReference; lastKnownFileType = sourcecode.swift; path = OCRTestSupport.swift; sourceTree = "<group>"; };
		DB0000000000000000000008 /* TargetSelectionTests.swift */ = {isa = PBXFileReference; lastKnownFileType = sourcecode.swift; path = TargetSelectionTests.swift; sourceTree = "<group>"; };
		DB0000000000000000000009 /* PerspectiveNormalizationTests.swift */ = {isa = PBXFileReference; lastKnownFileType = sourcecode.swift; path = PerspectiveNormalizationTests.swift; sourceTree = "<group>"; };
		DB000000000000000000000A /* DeckPortfolioTests.swift */ = {isa = PBXFileReference; lastKnownFileType = sourcecode.swift; path = DeckPortfolioTests.swift; sourceTree = "<group>"; };
		DB000000000000000000000B /* ScanArtifactQueueTests.swift */ = {isa = PBXFileReference; lastKnownFileType = sourcecode.swift; path = ScanArtifactQueueTests.swift; sourceTree = "<group>"; };
		DB000000000000000000000C /* ScanTrayAndNavigationTests.swift */ = {isa = PBXFileReference; lastKnownFileType = sourcecode.swift; path = ScanTrayAndNavigationTests.swift; sourceTree = "<group>"; };
		DB000000000000000000000D /* ShowSellStateTests.swift */ = {isa = PBXFileReference; lastKnownFileType = sourcecode.swift; path = ShowSellStateTests.swift; sourceTree = "<group>"; };
		DB000000000000000000000E /* ScanTestSupport.swift */ = {isa = PBXFileReference; lastKnownFileType = sourcecode.swift; path = ScanTestSupport.swift; sourceTree = "<group>"; };
/* End PBXFileReference section */

/* Begin PBXFrameworksBuildPhase section */
		PA0000000000000000000002 /* Frameworks */ = {
			isa = PBXFrameworksBuildPhase;
			buildActionMask = 2147483647;
			files = (
			);
			runOnlyForDeploymentPostprocessing = 0;
		};
		DP0000000000000000000001 /* Frameworks */ = {
			isa = PBXFrameworksBuildPhase;
			buildActionMask = 2147483647;
			files = (
			);
			runOnlyForDeploymentPostprocessing = 0;
		};
/* End PBXFrameworksBuildPhase section */

/* Begin PBXGroup section */
		GA0000000000000000000001 = {
			isa = PBXGroup;
			children = (
				GA0000000000000000000003 /* Spotlight */,
				DG0000000000000000000001 /* SpotlightTests */,
				GA0000000000000000000002 /* Products */,
			);
			sourceTree = "<group>";
		};
		GA0000000000000000000002 /* Products */ = {
			isa = PBXGroup;
			children = (
				FA0000000000000000000001 /* Spotlight.app */,
				DB0000000000000000000002 /* SpotlightTests.xctest */,
			);
			name = Products;
			sourceTree = "<group>";
		};
		GA0000000000000000000003 /* Spotlight */ = {
			isa = PBXGroup;
			children = (
				GA0000000000000000000004 /* App */,
				GA000000000000000000000A /* Config */,
				GA000000000000000000000D /* UI */,
				GA0000000000000000000005 /* Models */,
				GA0000000000000000000006 /* Services */,
				GA0000000000000000000007 /* ViewModels */,
				GA0000000000000000000008 /* Views */,
				GA0000000000000000000009 /* Resources */,
			);
			path = Spotlight;
			sourceTree = "<group>";
		};
		GA0000000000000000000004 /* App */ = {
			isa = PBXGroup;
			children = (
				FA0000000000000000000002 /* SpotlightApp.swift */,
				FA0000000000000000000003 /* AppContainer.swift */,
			);
			path = App;
			sourceTree = "<group>";
		};
		GA0000000000000000000005 /* Models */ = {
			isa = PBXGroup;
			children = (
				FA0000000000000000000004 /* CardCandidate.swift */,
				FA0000000000000000000005 /* ScanModels.swift */,
				FA0000000000000000000012 /* ScanTrayLogic.swift */,
				FA0000000000000000000011 /* ScannerAPIModels.swift */,
			);
			path = Models;
			sourceTree = "<group>";
		};
		GA0000000000000000000006 /* Services */ = {
			isa = PBXGroup;
			children = (
				FA0000000000000000000006 /* CameraSessionController.swift */,
				FFC123450000000000000001 /* CardIdentifierParsing.swift */,
				FA0000000000000000000007 /* SlabScanner.swift */,
				FA0000000000000000000008 /* CardMatchingService.swift */,
				GA000000000000000000000B /* OCR */,
				FA0000000000000000000009 /* ScanEventStore.swift */,
				FA0000000000000000000018 /* SlabLabelParsing.swift */,
				2876B6D775130E8BD64C6636 /* ScanCacheManager.swift */,
				3876B6D775130E8BD64C6636 /* RemoteImagePrefetcher.swift */,
			);
			path = Services;
			sourceTree = "<group>";
		};
		GA000000000000000000000B /* OCR */ = {
			isa = PBXGroup;
			children = (
				FFC123450000000000000005 /* FrameSourceSelection.swift */,
				FFC123450000000000000008 /* ModeSanitySignals.swift */,
				FFC12345000000000000000E /* OCRTuning.swift */,
				FFC123450000000000000006 /* PerspectiveNormalization.swift */,
				GA000000000000000000000C /* Raw */,
				FFC123450000000000000003 /* ScanPipelineTypes.swift */,
				FFC123450000000000000004 /* ScanStageArtifactWriter.swift */,
				FFC123450000000000000007 /* TargetSelection.swift */,
			);
			path = OCR;
			sourceTree = "<group>";
		};
		GA000000000000000000000C /* Raw */ = {
			isa = PBXGroup;
			children = (
				FFC123450000000000000009 /* RawSceneTraits.swift */,
				FFC12345000000000000000F /* RawConfidenceModel.swift */,
				FFC12345000000000000000A /* RawROIPlanner.swift */,
				FFC12345000000000000000B /* RawOCRPassRunner.swift */,
				FFC12345000000000000000C /* RawEvidenceSynthesizer.swift */,
				FFC12345000000000000000D /* RawPipeline.swift */,
			);
			path = Raw;
			sourceTree = "<group>";
		};
		GA0000000000000000000007 /* ViewModels */ = {
			isa = PBXGroup;
			children = (
				FA000000000000000000000A /* ScannerViewModel.swift */,
			);
			path = ViewModels;
			sourceTree = "<group>";
		};
		GA0000000000000000000008 /* Views */ = {
			isa = PBXGroup;
			children = (
				FA000000000000000000000B /* ScannerRootView.swift */,
				FA000000000000000000000C /* ScannerView.swift */,
				FA0000000000000000000020 /* PortfolioView.swift */,
				FA0000000000000000000021 /* ShowsView.swift */,
				FFC123450000000000000002 /* ScannerReticleLayout.swift */,
				FA000000000000000000000E /* AlternateMatchesView.swift */,
				FA0000000000000000000019 /* ScanResultDetailView.swift */,
				FA000000000000000000000F /* CameraPreviewView.swift */,
			);
			path = Views;
			sourceTree = "<group>";
		};
		GA0000000000000000000009 /* Resources */ = {
			isa = PBXGroup;
			children = (
				A1B2C3D4E5F6000000000002 /* Assets.xcassets */,
				FA0000000000000000000010 /* Info.plist */,
			);
			path = Resources;
			sourceTree = "<group>";
		};
		GA000000000000000000000A /* Config */ = {
			isa = PBXGroup;
			children = (
				FA0000000000000000000013 /* Base.xcconfig */,
				FA0000000000000000000014 /* Debug.xcconfig */,
				FA0000000000000000000015 /* Staging.xcconfig */,
				FA0000000000000000000016 /* Release.xcconfig */,
				FA0000000000000000000017 /* LocalOverrides.example.xcconfig */,
			);
			path = Config;
			sourceTree = "<group>";
		};
		GA000000000000000000000D /* UI */ = {
			isa = PBXGroup;
			children = (
				FC4000000000000000000001 /* LootyTheme.swift */,
				FC4000000000000000000002 /* LootyComponents.swift */,
			);
			path = UI;
			sourceTree = "<group>";
		};
		DG0000000000000000000001 /* SpotlightTests */ = {
			isa = PBXGroup;
			children = (
				DB0000000000000000000001 /* OCRFixtureExecutionTests.swift */,
				DB0000000000000000000003 /* OCRRewriteStage1FixtureTests.swift */,
				DB0000000000000000000004 /* RawOCRRegressionSuiteTests.swift */,
				DB0000000000000000000005 /* ScanReliabilityHeuristicsTests.swift */,
				DB0000000000000000000006 /* ScanCaptureInputTests.swift */,
				DB0000000000000000000007 /* OCRTestSupport.swift */,
				DB0000000000000000000008 /* TargetSelectionTests.swift */,
				DB0000000000000000000009 /* PerspectiveNormalizationTests.swift */,
				DB000000000000000000000A /* DeckPortfolioTests.swift */,
				DB000000000000000000000B /* ScanArtifactQueueTests.swift */,
				DB000000000000000000000C /* ScanTrayAndNavigationTests.swift */,
				DB000000000000000000000D /* ShowSellStateTests.swift */,
				DB000000000000000000000E /* ScanTestSupport.swift */,
			);
			path = SpotlightTests;
			sourceTree = "<group>";
		};
/* End PBXGroup section */

/* Begin PBXNativeTarget section */
		TA0000000000000000000001 /* Spotlight */ = {
			isa = PBXNativeTarget;
			buildConfigurationList = CL0000000000000000000002 /* Build configuration list for PBXNativeTarget "Spotlight" */;
			buildPhases = (
				PA0000000000000000000001 /* Sources */,
				PA0000000000000000000002 /* Frameworks */,
				PA0000000000000000000003 /* Resources */,
			);
			buildRules = (
			);
			dependencies = (
			);
			name = Spotlight;
			productName = Spotlight;
			productReference = FA0000000000000000000001 /* Spotlight.app */;
			productType = "com.apple.product-type.application";
		};
		DT0000000000000000000001 /* SpotlightTests */ = {
			isa = PBXNativeTarget;
			buildConfigurationList = DL0000000000000000000001 /* Build configuration list for PBXNativeTarget "SpotlightTests" */;
			buildPhases = (
				DP0000000000000000000002 /* Sources */,
				DP0000000000000000000001 /* Frameworks */,
				DP0000000000000000000003 /* Resources */,
			);
			buildRules = (
			);
			dependencies = (
				DD0000000000000000000001 /* PBXTargetDependency */,
			);
			name = SpotlightTests;
			productName = SpotlightTests;
			productReference = DB0000000000000000000002 /* SpotlightTests.xctest */;
			productType = "com.apple.product-type.bundle.unit-test";
		};
/* End PBXNativeTarget section */

/* Begin PBXProject section */
		PR0000000000000000000001 /* Project object */ = {
			isa = PBXProject;
			attributes = {
				LastUpgradeCheck = 2620;
				ORGANIZATIONNAME = Spotlight;
				TargetAttributes = {
					TA0000000000000000000001 = {
						CreatedOnToolsVersion = 26.2;
					};
					DT0000000000000000000001 = {
						CreatedOnToolsVersion = 26.2;
						TestTargetID = TA0000000000000000000001;
					};
				};
			};
			buildConfigurationList = CL0000000000000000000001 /* Build configuration list for PBXProject "Spotlight" */;
			compatibilityVersion = "Xcode 16.0";
			developmentRegion = en;
			hasScannedForEncodings = 0;
			knownRegions = (
				en,
				Base,
			);
			mainGroup = GA0000000000000000000001;
			productRefGroup = GA0000000000000000000002 /* Products */;
			projectDirPath = "";
			projectRoot = "";
			targets = (
				TA0000000000000000000001 /* Spotlight */,
				DT0000000000000000000001 /* SpotlightTests */,
			);
		};
/* End PBXProject section */

/* Begin PBXResourcesBuildPhase section */
		PA0000000000000000000003 /* Resources */ = {
			isa = PBXResourcesBuildPhase;
			buildActionMask = 2147483647;
			files = (
				A1B2C3D4E5F6000000000001 /* Assets.xcassets in Resources */,
			);
			runOnlyForDeploymentPostprocessing = 0;
		};
		DP0000000000000000000003 /* Resources */ = {
			isa = PBXResourcesBuildPhase;
			buildActionMask = 2147483647;
			files = (
			);
			runOnlyForDeploymentPostprocessing = 0;
		};
/* End PBXResourcesBuildPhase section */

/* Begin PBXSourcesBuildPhase section */
		PA0000000000000000000001 /* Sources */ = {
			isa = PBXSourcesBuildPhase;
			buildActionMask = 2147483647;
			files = (
				BA0000000000000000000001 /* SpotlightApp.swift in Sources */,
				BA0000000000000000000002 /* AppContainer.swift in Sources */,
				C40000000000000000000001 /* LootyTheme.swift in Sources */,
				C40000000000000000000002 /* LootyComponents.swift in Sources */,
				BA0000000000000000000003 /* CardCandidate.swift in Sources */,
				BA0000000000000000000004 /* ScanModels.swift in Sources */,
				BA0000000000000000000010 /* ScanTrayLogic.swift in Sources */,
				BA0000000000000000000005 /* CameraSessionController.swift in Sources */,
				BBC123450000000000000001 /* CardIdentifierParsing.swift in Sources */,
				BA0000000000000000000006 /* SlabScanner.swift in Sources */,
				BA0000000000000000000007 /* CardMatchingService.swift in Sources */,
				BBC123450000000000000005 /* FrameSourceSelection.swift in Sources */,
				BBC123450000000000000008 /* ModeSanitySignals.swift in Sources */,
				BBC12345000000000000000E /* OCRTuning.swift in Sources */,
				BBC123450000000000000006 /* PerspectiveNormalization.swift in Sources */,
				BBC12345000000000000000C /* RawEvidenceSynthesizer.swift in Sources */,
				BBC12345000000000000000F /* RawConfidenceModel.swift in Sources */,
				BBC12345000000000000000B /* RawOCRPassRunner.swift in Sources */,
				BBC12345000000000000000D /* RawPipeline.swift in Sources */,
				BBC12345000000000000000A /* RawROIPlanner.swift in Sources */,
				BBC123450000000000000009 /* RawSceneTraits.swift in Sources */,
				BBC123450000000000000003 /* ScanPipelineTypes.swift in Sources */,
				BBC123450000000000000004 /* ScanStageArtifactWriter.swift in Sources */,
				BA0000000000000000000008 /* ScanEventStore.swift in Sources */,
				BA0000000000000000000009 /* ScannerViewModel.swift in Sources */,
				BBC123450000000000000007 /* TargetSelection.swift in Sources */,
				BA000000000000000000000A /* ScannerRootView.swift in Sources */,
				BA000000000000000000000B /* ScannerView.swift in Sources */,
				BA000000000000000000000C /* PortfolioView.swift in Sources */,
				BA0000000000000000000013 /* ShowsView.swift in Sources */,
				BBC123450000000000000002 /* ScannerReticleLayout.swift in Sources */,
				BA000000000000000000000D /* AlternateMatchesView.swift in Sources */,
				BA0000000000000000000012 /* ScanResultDetailView.swift in Sources */,
				BA000000000000000000000E /* CameraPreviewView.swift in Sources */,
				BA000000000000000000000F /* ScannerAPIModels.swift in Sources */,
				BA0000000000000000000011 /* SlabLabelParsing.swift in Sources */,
				C2EE97F53B03E6525C299E46 /* ScanCacheManager.swift in Sources */,
				C3EE97F53B03E6525C299E46 /* RemoteImagePrefetcher.swift in Sources */,
			);
			runOnlyForDeploymentPostprocessing = 0;
		};
		DP0000000000000000000002 /* Sources */ = {
			isa = PBXSourcesBuildPhase;
			buildActionMask = 2147483647;
			files = (
				DA0000000000000000000001 /* OCRFixtureExecutionTests.swift in Sources */,
				DA0000000000000000000002 /* OCRRewriteStage1FixtureTests.swift in Sources */,
				DA0000000000000000000003 /* RawOCRRegressionSuiteTests.swift in Sources */,
				DA0000000000000000000004 /* ScanReliabilityHeuristicsTests.swift in Sources */,
				DA0000000000000000000005 /* ScanCaptureInputTests.swift in Sources */,
				DA0000000000000000000006 /* OCRTestSupport.swift in Sources */,
				DA0000000000000000000007 /* TargetSelectionTests.swift in Sources */,
				DA0000000000000000000008 /* PerspectiveNormalizationTests.swift in Sources */,
				DA0000000000000000000009 /* DeckPortfolioTests.swift in Sources */,
				DA000000000000000000000A /* ScanArtifactQueueTests.swift in Sources */,
				DA000000000000000000000B /* ScanTrayAndNavigationTests.swift in Sources */,
				DA000000000000000000000C /* ShowSellStateTests.swift in Sources */,
				DA000000000000000000000D /* ScanTestSupport.swift in Sources */,
			);
			runOnlyForDeploymentPostprocessing = 0;
		};
/* End PBXSourcesBuildPhase section */

/* Begin PBXTargetDependency section */
		DD0000000000000000000001 /* PBXTargetDependency */ = {
			isa = PBXTargetDependency;
			target = TA0000000000000000000001 /* Spotlight */;
			targetProxy = DC0000000000000000000001 /* PBXContainerItemProxy */;
		};
/* End PBXTargetDependency section */

/* Begin XCBuildConfiguration section */
		CA0000000000000000000001 /* Debug */ = {
			isa = XCBuildConfiguration;
			buildSettings = {
				ALWAYS_SEARCH_USER_PATHS = NO;
				CLANG_ENABLE_MODULES = YES;
				CLANG_ENABLE_OBJC_ARC = YES;
				COPY_PHASE_STRIP = NO;
				DEBUG_INFORMATION_FORMAT = dwarf;
				ENABLE_TESTABILITY = YES;
				GCC_C_LANGUAGE_STANDARD = gnu17;
				GCC_NO_COMMON_BLOCKS = YES;
				IPHONEOS_DEPLOYMENT_TARGET = 18.0;
				SDKROOT = iphoneos;
				SWIFT_VERSION = 6.0;
			};
			name = Debug;
		};
		CA0000000000000000000002 /* Release */ = {
			isa = XCBuildConfiguration;
			buildSettings = {
				ALWAYS_SEARCH_USER_PATHS = NO;
				CLANG_ENABLE_MODULES = YES;
				CLANG_ENABLE_OBJC_ARC = YES;
				COPY_PHASE_STRIP = NO;
				DEBUG_INFORMATION_FORMAT = "dwarf-with-dsym";
				GCC_C_LANGUAGE_STANDARD = gnu17;
				GCC_NO_COMMON_BLOCKS = YES;
				IPHONEOS_DEPLOYMENT_TARGET = 18.0;
				SDKROOT = iphoneos;
				SWIFT_COMPILATION_MODE = wholemodule;
				SWIFT_VERSION = 6.0;
			};
			name = Release;
		};
		CA0000000000000000000005 /* Staging */ = {
			isa = XCBuildConfiguration;
			buildSettings = {
				ALWAYS_SEARCH_USER_PATHS = NO;
				CLANG_ENABLE_MODULES = YES;
				CLANG_ENABLE_OBJC_ARC = YES;
				COPY_PHASE_STRIP = NO;
				DEBUG_INFORMATION_FORMAT = "dwarf-with-dsym";
				GCC_C_LANGUAGE_STANDARD = gnu17;
				GCC_NO_COMMON_BLOCKS = YES;
				IPHONEOS_DEPLOYMENT_TARGET = 18.0;
				SDKROOT = iphoneos;
				SWIFT_COMPILATION_MODE = wholemodule;
				SWIFT_VERSION = 6.0;
			};
			name = Staging;
		};
		CA0000000000000000000003 /* Debug */ = {
			isa = XCBuildConfiguration;
			baseConfigurationReference = FA0000000000000000000014 /* Debug.xcconfig */;
			buildSettings = {
				ASSETCATALOG_COMPILER_APPICON_NAME = AppIcon;
				CODE_SIGN_STYLE = Automatic;
				CURRENT_PROJECT_VERSION = 1;
				DEVELOPMENT_TEAM = DR794CMJC4;
				GENERATE_INFOPLIST_FILE = NO;
				INFOPLIST_FILE = Spotlight/Resources/Info.plist;
				IPHONEOS_DEPLOYMENT_TARGET = 18.0;
				LD_RUNPATH_SEARCH_PATHS = (
					"$(inherited)",
					"@executable_path/Frameworks",
				);
				MARKETING_VERSION = 1.0;
				PRODUCT_BUNDLE_IDENTIFIER = com.app.LootyCards;
				PRODUCT_NAME = "$(TARGET_NAME)";
				SDKROOT = iphoneos;
				SUPPORTED_PLATFORMS = "iphoneos iphonesimulator";
				"SWIFT_ACTIVE_COMPILATION_CONDITIONS[arch=*]" = DEBUG;
				SWIFT_EMIT_LOC_STRINGS = YES;
				SWIFT_VERSION = 6.0;
				TARGETED_DEVICE_FAMILY = 1;
			};
			name = Debug;
		};
		CA0000000000000000000004 /* Release */ = {
			isa = XCBuildConfiguration;
			baseConfigurationReference = FA0000000000000000000016 /* Release.xcconfig */;
			buildSettings = {
				ASSETCATALOG_COMPILER_APPICON_NAME = AppIcon;
				CODE_SIGN_STYLE = Automatic;
				CURRENT_PROJECT_VERSION = 1;
				DEVELOPMENT_TEAM = DR794CMJC4;
				GENERATE_INFOPLIST_FILE = NO;
				INFOPLIST_FILE = Spotlight/Resources/Info.plist;
				IPHONEOS_DEPLOYMENT_TARGET = 18.0;
				LD_RUNPATH_SEARCH_PATHS = (
					"$(inherited)",
					"@executable_path/Frameworks",
				);
				MARKETING_VERSION = 1.0;
				PRODUCT_BUNDLE_IDENTIFIER = com.app.LootyCards;
				PRODUCT_NAME = "$(TARGET_NAME)";
				SDKROOT = iphoneos;
				SUPPORTED_PLATFORMS = "iphoneos iphonesimulator";
				SWIFT_EMIT_LOC_STRINGS = YES;
				SWIFT_VERSION = 6.0;
				TARGETED_DEVICE_FAMILY = 1;
			};
			name = Release;
		};
		CA0000000000000000000006 /* Staging */ = {
			isa = XCBuildConfiguration;
			baseConfigurationReference = FA0000000000000000000015 /* Staging.xcconfig */;
			buildSettings = {
				ASSETCATALOG_COMPILER_APPICON_NAME = AppIcon;
				CODE_SIGN_STYLE = Automatic;
				CURRENT_PROJECT_VERSION = 1;
				DEVELOPMENT_TEAM = DR794CMJC4;
				GENERATE_INFOPLIST_FILE = NO;
				INFOPLIST_FILE = Spotlight/Resources/Info.plist;
				IPHONEOS_DEPLOYMENT_TARGET = 18.0;
				LD_RUNPATH_SEARCH_PATHS = (
					"$(inherited)",
					"@executable_path/Frameworks",
				);
				MARKETING_VERSION = 1.0;
				PRODUCT_BUNDLE_IDENTIFIER = com.app.LootyCards;
				PRODUCT_NAME = "$(TARGET_NAME)";
				SDKROOT = iphoneos;
				SUPPORTED_PLATFORMS = "iphoneos iphonesimulator";
				SWIFT_EMIT_LOC_STRINGS = YES;
				SWIFT_VERSION = 6.0;
				TARGETED_DEVICE_FAMILY = 1;
			};
			name = Staging;
		};
		DE0000000000000000000001 /* Debug */ = {
			isa = XCBuildConfiguration;
			buildSettings = {
				BUNDLE_LOADER = "$(TEST_HOST)";
				CODE_SIGN_STYLE = Automatic;
				CURRENT_PROJECT_VERSION = 1;
				DEVELOPMENT_TEAM = DR794CMJC4;
				GENERATE_INFOPLIST_FILE = YES;
				IPHONEOS_DEPLOYMENT_TARGET = 18.0;
				LD_RUNPATH_SEARCH_PATHS = (
					"$(inherited)",
					"@executable_path/Frameworks",
					"@loader_path/Frameworks",
				);
				PRODUCT_BUNDLE_IDENTIFIER = com.app.LootyCardsTests;
				PRODUCT_NAME = "$(TARGET_NAME)";
				SDKROOT = iphoneos;
				SUPPORTED_PLATFORMS = "iphoneos iphonesimulator";
				"SWIFT_ACTIVE_COMPILATION_CONDITIONS[arch=*]" = DEBUG;
				SWIFT_VERSION = 6.0;
				TARGETED_DEVICE_FAMILY = 1;
				TEST_HOST = "$(BUILT_PRODUCTS_DIR)/Spotlight.app/Spotlight";
			};
			name = Debug;
		};
		DE0000000000000000000002 /* Release */ = {
			isa = XCBuildConfiguration;
			buildSettings = {
				BUNDLE_LOADER = "$(TEST_HOST)";
				CODE_SIGN_STYLE = Automatic;
				CURRENT_PROJECT_VERSION = 1;
				DEVELOPMENT_TEAM = DR794CMJC4;
				GENERATE_INFOPLIST_FILE = YES;
				IPHONEOS_DEPLOYMENT_TARGET = 18.0;
				LD_RUNPATH_SEARCH_PATHS = (
					"$(inherited)",
					"@executable_path/Frameworks",
					"@loader_path/Frameworks",
				);
				PRODUCT_BUNDLE_IDENTIFIER = com.app.LootyCardsTests;
				PRODUCT_NAME = "$(TARGET_NAME)";
				SDKROOT = iphoneos;
				SUPPORTED_PLATFORMS = "iphoneos iphonesimulator";
				SWIFT_VERSION = 6.0;
				TARGETED_DEVICE_FAMILY = 1;
				TEST_HOST = "$(BUILT_PRODUCTS_DIR)/Spotlight.app/Spotlight";
			};
			name = Release;
		};
		DE0000000000000000000003 /* Staging */ = {
			isa = XCBuildConfiguration;
			buildSettings = {
				BUNDLE_LOADER = "$(TEST_HOST)";
				CODE_SIGN_STYLE = Automatic;
				CURRENT_PROJECT_VERSION = 1;
				DEVELOPMENT_TEAM = DR794CMJC4;
				GENERATE_INFOPLIST_FILE = YES;
				IPHONEOS_DEPLOYMENT_TARGET = 18.0;
				LD_RUNPATH_SEARCH_PATHS = (
					"$(inherited)",
					"@executable_path/Frameworks",
					"@loader_path/Frameworks",
				);
				PRODUCT_BUNDLE_IDENTIFIER = com.app.LootyCardsTests;
				PRODUCT_NAME = "$(TARGET_NAME)";
				SDKROOT = iphoneos;
				SUPPORTED_PLATFORMS = "iphoneos iphonesimulator";
				SWIFT_VERSION = 6.0;
				TARGETED_DEVICE_FAMILY = 1;
				TEST_HOST = "$(BUILT_PRODUCTS_DIR)/Spotlight.app/Spotlight";
			};
			name = Staging;
		};
/* End XCBuildConfiguration section */

/* Begin XCConfigurationList section */
		CL0000000000000000000001 /* Build configuration list for PBXProject "Spotlight" */ = {
			isa = XCConfigurationList;
			buildConfigurations = (
				CA0000000000000000000001 /* Debug */,
				CA0000000000000000000005 /* Staging */,
				CA0000000000000000000002 /* Release */,
			);
			defaultConfigurationIsVisible = 0;
			defaultConfigurationName = Release;
		};
		CL0000000000000000000002 /* Build configuration list for PBXNativeTarget "Spotlight" */ = {
			isa = XCConfigurationList;
			buildConfigurations = (
				CA0000000000000000000003 /* Debug */,
				CA0000000000000000000006 /* Staging */,
				CA0000000000000000000004 /* Release */,
			);
			defaultConfigurationIsVisible = 0;
			defaultConfigurationName = Release;
		};
		DL0000000000000000000001 /* Build configuration list for PBXNativeTarget "SpotlightTests" */ = {
			isa = XCConfigurationList;
			buildConfigurations = (
				DE0000000000000000000001 /* Debug */,
				DE0000000000000000000003 /* Staging */,
				DE0000000000000000000002 /* Release */,
			);
			defaultConfigurationIsVisible = 0;
			defaultConfigurationName = Release;
		};
/* End XCConfigurationList section */
	};
	rootObject = PR0000000000000000000001 /* Project object */;
}
